
Microsoft Visual Studio Solution File, Format Version 12.00
# Visual Studio Version 16
VisualStudioVersion = 16.0.29911.84
MinimumVisualStudioVersion = 10.0.40219.1
Project("{FAE04EC0-301F-11D3-BF4B-00C04F79EFBC}") = "WebAPI", "WebAPI\WebAPI.csproj", "{779DB929-8F55-4F17-A5A1-F5973936FAD9}"
EndProject
Global
	GlobalSection(SolutionConfigurationPlatforms) = preSolution
		Debug|Any CPU = Debug|Any CPU
		Release|Any CPU = Release|Any CPU
	EndGlobalSection
	GlobalSection(ProjectConfigurationPlatforms) = postSolution
		{779DB929-8F55-4F17-A5A1-F5973936FAD9}.Debug|Any CPU.ActiveCfg = Debug|Any CPU
		{779DB929-8F55-4F17-A5A1-F5973936FAD9}.Debug|Any CPU.Build.0 = Debug|Any CPU
		{779DB929-8F55-4F17-A5A1-F5973936FAD9}.Release|Any CPU.ActiveCfg = Release|Any CPU
		{779DB929-8F55-4F17-A5A1-F5973936FAD9}.Release|Any CPU.Build.0 = Release|Any CPU
	EndGlobalSection
	GlobalSection(SolutionProperties) = preSolution
		HideSolutionNode = FALSE
	EndGlobalSection
	GlobalSection(ExtensibilityGlobals) = postSolution
		SolutionGuid = {E05D8C7A-7B8C-4317-B4F8-9AEC1BA6579F}
	EndGlobalSection
EndGlobal
